
Microsoft Visual Studio Solution File, Format Version 12.00
# Visual Studio Version 16
VisualStudioVersion = 16.0.29926.136
MinimumVisualStudioVersion = 10.0.40219.1
Project("{FAE04EC0-301F-11D3-BF4B-00C04F79EFBC}") = "FirstApp", "FirstApp\FirstApp.csproj", "{53B6326B-AC86-4324-9B51-DEA950FE0A74}"
EndProject
Global
	GlobalSection(SolutionConfigurationPlatforms) = preSolution
		Debug|Any CPU = Debug|Any CPU
		Release|Any CPU = Release|Any CPU
	EndGlobalSection
	GlobalSection(ProjectConfigurationPlatforms) = postSolution
		{53B6326B-AC86-4324-9B51-DEA950FE0A74}.Debug|Any CPU.ActiveCfg = Debug|Any CPU
		{53B6326B-AC86-4324-9B51-DEA950FE0A74}.Debug|Any CPU.Build.0 = Debug|Any CPU
		{53B6326B-AC86-4324-9B51-DEA950FE0A74}.Release|Any CPU.ActiveCfg = Release|Any CPU
		{53B6326B-AC86-4324-9B51-DEA950FE0A74}.Release|Any CPU.Build.0 = Release|Any CPU
	EndGlobalSection
	GlobalSection(SolutionProperties) = preSolution
		HideSolutionNode = FALSE
	EndGlobalSection
	GlobalSection(ExtensibilityGlobals) = postSolution
		SolutionGuid = {91115B47-6697-48A8-B624-562BA0FD590A}
	EndGlobalSection
EndGlobal
